// !$*UTF8*$!
{
	archiveVersion = 1;
	classes = {
	};
	objectVersion = 55;
	objects = {

/* Begin PBXBuildFile section */
		1F2A82F92C16E63000BC161A /* ChartAppApp.swift in Sources */ = {isa = PBXBuildFile; fileRef = 1F2A82F82C16E63000BC161A /* ChartAppApp.swift */; };
		1F2A82FD2C16E63300BC161A /* Assets.xcassets in Resources */ = {isa = PBXBuildFile; fileRef = 1F2A82FC2C16E63300BC161A /* Assets.xcassets */; };
		1F2A83002C16E63300BC161A /* Preview Assets.xcassets in Resources */ = {isa = PBXBuildFile; fileRef = 1F2A82FF2C16E63300BC161A /* Preview Assets.xcassets */; };
		1F2A830C2C16E70F00BC161A /* HomeView.swift in Sources */ = {isa = PBXBuildFile; fileRef = 1F2A830B2C16E70F00BC161A /* HomeView.swift */; };
		1F5F757C2C1701C6004B05AF /* Charts in Frameworks */ = {isa = PBXBuildFile; productRef = 1F5F757B2C1701C6004B05AF /* Charts */; };
		1F5F75822C17104F004B05AF /* ChartType.swift in Sources */ = {isa = PBXBuildFile; fileRef = 1F5F75812C17104F004B05AF /* ChartType.swift */; };
		1F5F758A2C171958004B05AF /* PickerView.swift in Sources */ = {isa = PBXBuildFile; fileRef = 1F5F75892C171958004B05AF /* PickerView.swift */; };
		1F5F758E2C171995004B05AF /* BarChartView.swift in Sources */ = {isa = PBXBuildFile; fileRef = 1F5F758D2C171995004B05AF /* BarChartView.swift */; };
		1F5F75902C1719B2004B05AF /* LineChartView.swift in Sources */ = {isa = PBXBuildFile; fileRef = 1F5F758F2C1719B2004B05AF /* LineChartView.swift */; };
		1F5F75922C172C5C004B05AF /* PieChartView.swift in Sources */ = {isa = PBXBuildFile; fileRef = 1F5F75912C172C5C004B05AF /* PieChartView.swift */; };
		1F5F75942C172D8E004B05AF /* ScatterChartView.swift in Sources */ = {isa = PBXBuildFile; fileRef = 1F5F75932C172D8E004B05AF /* ScatterChartView.swift */; };
		1F5F75962C172DA4004B05AF /* RadarChartView.swift in Sources */ = {isa = PBXBuildFile; fileRef = 1F5F75952C172DA4004B05AF /* RadarChartView.swift */; };
		1F5F75982C172DBE004B05AF /* CandleStickChartView.swift in Sources */ = {isa = PBXBuildFile; fileRef = 1F5F75972C172DBE004B05AF /* CandleStickChartView.swift */; };
		1F5F759A2C172DD3004B05AF /* BubbleChartView.swift in Sources */ = {isa = PBXBuildFile; fileRef = 1F5F75992C172DD3004B05AF /* BubbleChartView.swift */; };
/* End PBXBuildFile section */

/* Begin PBXFileReference section */
		1F2A82F52C16E63000BC161A /* ChartApp.app */ = {isa = PBXFileReference; explicitFileType = wrapper.application; includeInIndex = 0; path = ChartApp.app; sourceTree = BUILT_PRODUCTS_DIR; };
		1F2A82F82C16E63000BC161A /* ChartAppApp.swift */ = {isa = PBXFileReference; lastKnownFileType = sourcecode.swift; path = ChartAppApp.swift; sourceTree = "<group>"; };
		1F2A82FC2C16E63300BC161A /* Assets.xcassets */ = {isa = PBXFileReference; lastKnownFileType = folder.assetcatalog; path = Assets.xcassets; sourceTree = "<group>"; };
		1F2A82FF2C16E63300BC161A /* Preview Assets.xcassets */ = {isa = PBXFileReference; lastKnownFileType = folder.assetcatalog; path = "Preview Assets.xcassets"; sourceTree = "<group>"; };
		1F2A830B2C16E70F00BC161A /* HomeView.swift */ = {isa = PBXFileReference; lastKnownFileType = sourcecode.swift; path = HomeView.swift; sourceTree = "<group>"; };
		1F5F75812C17104F004B05AF /* ChartType.swift */ = {isa = PBXFileReference; lastKnownFileType = sourcecode.swift; path = ChartType.swift; sourceTree = "<group>"; };
		1F5F75892C171958004B05AF /* PickerView.swift */ = {isa = PBXFileReference; lastKnownFileType = sourcecode.swift; path = PickerView.swift; sourceTree = "<group>"; };
		1F5F758D2C171995004B05AF /* BarChartView.swift */ = {isa = PBXFileReference; lastKnownFileType = sourcecode.swift; path = BarChartView.swift; sourceTree = "<group>"; };
		1F5F758F2C1719B2004B05AF /* LineChartView.swift */ = {isa = PBXFileReference; lastKnownFileType = sourcecode.swift; path = LineChartView.swift; sourceTree = "<group>"; };
		1F5F75912C172C5C004B05AF /* PieChartView.swift */ = {isa = PBXFileReference; lastKnownFileType = sourcecode.swift; path = PieChartView.swift; sourceTree = "<group>"; };
		1F5F75932C172D8E004B05AF /* ScatterChartView.swift */ = {isa = PBXFileReference; lastKnownFileType = sourcecode.swift; path = ScatterChartView.swift; sourceTree = "<group>"; };
		1F5F75952C172DA4004B05AF /* RadarChartView.swift */ = {isa = PBXFileReference; lastKnownFileType = sourcecode.swift; path = RadarChartView.swift; sourceTree = "<group>"; };
		1F5F75972C172DBE004B05AF /* CandleStickChartView.swift */ = {isa = PBXFileReference; lastKnownFileType = sourcecode.swift; path = CandleStickChartView.swift; sourceTree = "<group>"; };
		1F5F75992C172DD3004B05AF /* BubbleChartView.swift */ = {isa = PBXFileReference; lastKnownFileType = sourcecode.swift; path = BubbleChartView.swift; sourceTree = "<group>"; };
/* End PBXFileReference section */

/* Begin PBXFrameworksBuildPhase section */
		1F2A82F22C16E63000BC161A /* Frameworks */ = {
			isa = PBXFrameworksBuildPhase;
			buildActionMask = 2147483647;
			files = (
				1F5F757C2C1701C6004B05AF /* Charts in Frameworks */,
			);
			runOnlyForDeploymentPostprocessing = 0;
		};
/* End PBXFrameworksBuildPhase section */

/* Begin PBXGroup section */
		1F2A82EC2C16E63000BC161A = {
			isa = PBXGroup;
			children = (
				1F2A82F72C16E63000BC161A /* ChartApp */,
				1F2A82F62C16E63000BC161A /* Products */,
			);
			sourceTree = "<group>";
		};
		1F2A82F62C16E63000BC161A /* Products */ = {
			isa = PBXGroup;
			children = (
				1F2A82F52C16E63000BC161A /* ChartApp.app */,
			);
			name = Products;
			sourceTree = "<group>";
		};
		1F2A82F72C16E63000BC161A /* ChartApp */ = {
			isa = PBXGroup;
			children = (
				1F2A82F82C16E63000BC161A /* ChartAppApp.swift */,
				1F2A83082C16E65A00BC161A /* Views */,
				1F2A83072C16E64D00BC161A /* ViewModel */,
				1F2A83062C16E64300BC161A /* Model */,
				1F2A83092C16E68100BC161A /* Extensions */,
				1F2A830A2C16E69400BC161A /* Assets */,
				1F2A82FE2C16E63300BC161A /* Preview Content */,
			);
			path = ChartApp;
			sourceTree = "<group>";
		};
		1F2A82FE2C16E63300BC161A /* Preview Content */ = {
			isa = PBXGroup;
			children = (
				1F2A82FF2C16E63300BC161A /* Preview Assets.xcassets */,
			);
			path = "Preview Content";
			sourceTree = "<group>";
		};
		1F2A83062C16E64300BC161A /* Model */ = {
			isa = PBXGroup;
			children = (
				1F5F75812C17104F004B05AF /* ChartType.swift */,
			);
			path = Model;
			sourceTree = "<group>";
		};
		1F2A83072C16E64D00BC161A /* ViewModel */ = {
			isa = PBXGroup;
			children = (
			);
			path = ViewModel;
			sourceTree = "<group>";
		};
		1F2A83082C16E65A00BC161A /* Views */ = {
			isa = PBXGroup;
			children = (
				1F2A83122C16F06700BC161A /* Components */,
				1F2A830B2C16E70F00BC161A /* HomeView.swift */,
			);
			path = Views;
			sourceTree = "<group>";
		};
		1F2A83092C16E68100BC161A /* Extensions */ = {
			isa = PBXGroup;
			children = (
			);
			path = Extensions;
			sourceTree = "<group>";
		};
		1F2A830A2C16E69400BC161A /* Assets */ = {
			isa = PBXGroup;
			children = (
				1F2A82FC2C16E63300BC161A /* Assets.xcassets */,
			);
			path = Assets;
			sourceTree = "<group>";
		};
		1F2A83122C16F06700BC161A /* Components */ = {
			isa = PBXGroup;
			children = (
				1F5F758C2C17198A004B05AF /* Charts */,
				1F5F75892C171958004B05AF /* PickerView.swift */,
			);
			path = Components;
			sourceTree = "<group>";
		};
		1F5F758C2C17198A004B05AF /* Charts */ = {
			isa = PBXGroup;
			children = (
				1F5F758D2C171995004B05AF /* BarChartView.swift */,
				1F5F758F2C1719B2004B05AF /* LineChartView.swift */,
				1F5F75912C172C5C004B05AF /* PieChartView.swift */,
				1F5F75932C172D8E004B05AF /* ScatterChartView.swift */,
				1F5F75952C172DA4004B05AF /* RadarChartView.swift */,
				1F5F75972C172DBE004B05AF /* CandleStickChartView.swift */,
				1F5F75992C172DD3004B05AF /* BubbleChartView.swift */,
			);
			path = Charts;
			sourceTree = "<group>";
		};
/* End PBXGroup section */

/* Begin PBXNativeTarget section */
		1F2A82F42C16E63000BC161A /* ChartApp */ = {
			isa = PBXNativeTarget;
			buildConfigurationList = 1F2A83032C16E63300BC161A /* Build configuration list for PBXNativeTarget "ChartApp" */;
			buildPhases = (
				1F2A82F12C16E63000BC161A /* Sources */,
				1F2A82F22C16E63000BC161A /* Frameworks */,
				1F2A82F32C16E63000BC161A /* Resources */,
			);
			buildRules = (
			);
			dependencies = (
			);
			name = ChartApp;
			packageProductDependencies = (
				1F5F757B2C1701C6004B05AF /* Charts */,
			);
			productName = ChartApp;
			productReference = 1F2A82F52C16E63000BC161A /* ChartApp.app */;
			productType = "com.apple.product-type.application";
		};
/* End PBXNativeTarget section */

/* Begin PBXProject section */
		1F2A82ED2C16E63000BC161A /* Project object */ = {
			isa = PBXProject;
			attributes = {
				BuildIndependentTargetsInParallel = 1;
				LastSwiftUpdateCheck = 1300;
				LastUpgradeCheck = 1300;
				TargetAttributes = {
					1F2A82F42C16E63000BC161A = {
						CreatedOnToolsVersion = 13.0;
					};
				};
			};
			buildConfigurationList = 1F2A82F02C16E63000BC161A /* Build configuration list for PBXProject "ChartApp" */;
			compatibilityVersion = "Xcode 13.0";
			developmentRegion = en;
			hasScannedForEncodings = 0;
			knownRegions = (
				en,
				Base,
			);
			mainGroup = 1F2A82EC2C16E63000BC161A;
			packageReferences = (
				1F5F757A2C1701C6004B05AF /* XCRemoteSwiftPackageReference "Charts" */,
			);
			productRefGroup = 1F2A82F62C16E63000BC161A /* Products */;
			projectDirPath = "";
			projectRoot = "";
			targets = (
				1F2A82F42C16E63000BC161A /* ChartApp */,
			);
		};
/* End PBXProject section */

/* Begin PBXResourcesBuildPhase section */
		1F2A82F32C16E63000BC161A /* Resources */ = {
			isa = PBXResourcesBuildPhase;
			buildActionMask = 2147483647;
			files = (
				1F2A83002C16E63300BC161A /* Preview Assets.xcassets in Resources */,
				1F2A82FD2C16E63300BC161A /* Assets.xcassets in Resources */,
			);
			runOnlyForDeploymentPostprocessing = 0;
		};
/* End PBXResourcesBuildPhase section */

/* Begin PBXSourcesBuildPhase section */
		1F2A82F12C16E63000BC161A /* Sources */ = {
			isa = PBXSourcesBuildPhase;
			buildActionMask = 2147483647;
			files = (
				1F5F75922C172C5C004B05AF /* PieChartView.swift in Sources */,
				1F5F75962C172DA4004B05AF /* RadarChartView.swift in Sources */,
				1F5F75822C17104F004B05AF /* ChartType.swift in Sources */,
				1F5F759A2C172DD3004B05AF /* BubbleChartView.swift in Sources */,
				1F2A82F92C16E63000BC161A /* ChartAppApp.swift in Sources */,
				1F5F75902C1719B2004B05AF /* LineChartView.swift in Sources */,
				1F5F75982C172DBE004B05AF /* CandleStickChartView.swift in Sources */,
				1F5F75942C172D8E004B05AF /* ScatterChartView.swift in Sources */,
				1F5F758A2C171958004B05AF /* PickerView.swift in Sources */,
				1F2A830C2C16E70F00BC161A /* HomeView.swift in Sources */,
				1F5F758E2C171995004B05AF /* BarChartView.swift in Sources */,
			);
			runOnlyForDeploymentPostprocessing = 0;
		};
/* End PBXSourcesBuildPhase section */

/* Begin XCBuildConfiguration section */
		1F2A83012C16E63300BC161A /* Debug */ = {
			isa = XCBuildConfiguration;
			buildSettings = {
				ALWAYS_SEARCH_USER_PATHS = NO;
				CLANG_ANALYZER_NONNULL = YES;
				CLANG_ANALYZER_NUMBER_OBJECT_CONVERSION = YES_AGGRESSIVE;
				CLANG_CXX_LANGUAGE_STANDARD = "gnu++17";
				CLANG_CXX_LIBRARY = "libc++";
				CLANG_ENABLE_MODULES = YES;
				CLANG_ENABLE_OBJC_ARC = YES;
				CLANG_ENABLE_OBJC_WEAK = YES;
				CLANG_WARN_BLOCK_CAPTURE_AUTORELEASING = YES;
				CLANG_WARN_BOOL_CONVERSION = YES;
				CLANG_WARN_COMMA = YES;
				CLANG_WARN_CONSTANT_CONVERSION = YES;
				CLANG_WARN_DEPRECATED_OBJC_IMPLEMENTATIONS = YES;
				CLANG_WARN_DIRECT_OBJC_ISA_USAGE = YES_ERROR;
				CLANG_WARN_DOCUMENTATION_COMMENTS = YES;
				CLANG_WARN_EMPTY_BODY = YES;
				CLANG_WARN_ENUM_CONVERSION = YES;
				CLANG_WARN_INFINITE_RECURSION = YES;
				CLANG_WARN_INT_CONVERSION = YES;
				CLANG_WARN_NON_LITERAL_NULL_CONVERSION = YES;
				CLANG_WARN_OBJC_IMPLICIT_RETAIN_SELF = YES;
				CLANG_WARN_OBJC_LITERAL_CONVERSION = YES;
				CLANG_WARN_OBJC_ROOT_CLASS = YES_ERROR;
				CLANG_WARN_QUOTED_INCLUDE_IN_FRAMEWORK_HEADER = YES;
				CLANG_WARN_RANGE_LOOP_ANALYSIS = YES;
				CLANG_WARN_STRICT_PROTOTYPES = YES;
				CLANG_WARN_SUSPICIOUS_MOVE = YES;
				CLANG_WARN_UNGUARDED_AVAILABILITY = YES_AGGRESSIVE;
				CLANG_WARN_UNREACHABLE_CODE = YES;
				CLANG_WARN__DUPLICATE_METHOD_MATCH = YES;
				COPY_PHASE_STRIP = NO;
				DEBUG_INFORMATION_FORMAT = dwarf;
				ENABLE_STRICT_OBJC_MSGSEND = YES;
				ENABLE_TESTABILITY = YES;
				GCC_C_LANGUAGE_STANDARD = gnu11;
				GCC_DYNAMIC_NO_PIC = NO;
				GCC_NO_COMMON_BLOCKS = YES;
				GCC_OPTIMIZATION_LEVEL = 0;
				GCC_PREPROCESSOR_DEFINITIONS = (
					"DEBUG=1",
					"$(inherited)",
				);
				GCC_WARN_64_TO_32_BIT_CONVERSION = YES;
				GCC_WARN_ABOUT_RETURN_TYPE = YES_ERROR;
				GCC_WARN_UNDECLARED_SELECTOR = YES;
				GCC_WARN_UNINITIALIZED_AUTOS = YES_AGGRESSIVE;
				GCC_WARN_UNUSED_FUNCTION = YES;
				GCC_WARN_UNUSED_VARIABLE = YES;
				IPHONEOS_DEPLOYMENT_TARGET = 15.0;
				MTL_ENABLE_DEBUG_INFO = INCLUDE_SOURCE;
				MTL_FAST_MATH = YES;
				ONLY_ACTIVE_ARCH = YES;
				SDKROOT = iphoneos;
				SWIFT_ACTIVE_COMPILATION_CONDITIONS = DEBUG;
				SWIFT_OPTIMIZATION_LEVEL = "-Onone";
			};
			name = Debug;
		};
		1F2A83022C16E63300BC161A /* Release */ = {
			isa = XCBuildConfiguration;
			buildSettings = {
				ALWAYS_SEARCH_USER_PATHS = NO;
				CLANG_ANALYZER_NONNULL = YES;
				CLANG_ANALYZER_NUMBER_OBJECT_CONVERSION = YES_AGGRESSIVE;
				CLANG_CXX_LANGUAGE_STANDARD = "gnu++17";
				CLANG_CXX_LIBRARY = "libc++";
				CLANG_ENABLE_MODULES = YES;
				CLANG_ENABLE_OBJC_ARC = YES;
				CLANG_ENABLE_OBJC_WEAK = YES;
				CLANG_WARN_BLOCK_CAPTURE_AUTORELEASING = YES;
				CLANG_WARN_BOOL_CONVERSION = YES;
				CLANG_WARN_COMMA = YES;
				CLANG_WARN_CONSTANT_CONVERSION = YES;
				CLANG_WARN_DEPRECATED_OBJC_IMPLEMENTATIONS = YES;
				CLANG_WARN_DIRECT_OBJC_ISA_USAGE = YES_ERROR;
				CLANG_WARN_DOCUMENTATION_COMMENTS = YES;
				CLANG_WARN_EMPTY_BODY = YES;
				CLANG_WARN_ENUM_CONVERSION = YES;
				CLANG_WARN_INFINITE_RECURSION = YES;
				CLANG_WARN_INT_CONVERSION = YES;
				CLANG_WARN_NON_LITERAL_NULL_CONVERSION = YES;
				CLANG_WARN_OBJC_IMPLICIT_RETAIN_SELF = YES;
				CLANG_WARN_OBJC_LITERAL_CONVERSION = YES;
				CLANG_WARN_OBJC_ROOT_CLASS = YES_ERROR;
				CLANG_WARN_QUOTED_INCLUDE_IN_FRAMEWORK_HEADER = YES;
				CLANG_WARN_RANGE_LOOP_ANALYSIS = YES;
				CLANG_WARN_STRICT_PROTOTYPES = YES;
				CLANG_WARN_SUSPICIOUS_MOVE = YES;
				CLANG_WARN_UNGUARDED_AVAILABILITY = YES_AGGRESSIVE;
				CLANG_WARN_UNREACHABLE_CODE = YES;
				CLANG_WARN__DUPLICATE_METHOD_MATCH = YES;
				COPY_PHASE_STRIP = NO;
				DEBUG_INFORMATION_FORMAT = "dwarf-with-dsym";
				ENABLE_NS_ASSERTIONS = NO;
				ENABLE_STRICT_OBJC_MSGSEND = YES;
				GCC_C_LANGUAGE_STANDARD = gnu11;
				GCC_NO_COMMON_BLOCKS = YES;
				GCC_WARN_64_TO_32_BIT_CONVERSION = YES;
				GCC_WARN_ABOUT_RETURN_TYPE = YES_ERROR;
				GCC_WARN_UNDECLARED_SELECTOR = YES;
				GCC_WARN_UNINITIALIZED_AUTOS = YES_AGGRESSIVE;
				GCC_WARN_UNUSED_FUNCTION = YES;
				GCC_WARN_UNUSED_VARIABLE = YES;
				IPHONEOS_DEPLOYMENT_TARGET = 15.0;
				MTL_ENABLE_DEBUG_INFO = NO;
				MTL_FAST_MATH = YES;
				SDKROOT = iphoneos;
				SWIFT_COMPILATION_MODE = wholemodule;
				SWIFT_OPTIMIZATION_LEVEL = "-O";
				VALIDATE_PRODUCT = YES;
			};
			name = Release;
		};
		1F2A83042C16E63300BC161A /* Debug */ = {
			isa = XCBuildConfiguration;
			buildSettings = {
				ASSETCATALOG_COMPILER_APPICON_NAME = AppIcon;
				ASSETCATALOG_COMPILER_GLOBAL_ACCENT_COLOR_NAME = AccentColor;
				CODE_SIGN_STYLE = Automatic;
				CURRENT_PROJECT_VERSION = 1;
				DEVELOPMENT_ASSET_PATHS = "\"ChartApp/Preview Content\"";
				DEVELOPMENT_TEAM = RYNS47QW35;
				ENABLE_PREVIEWS = YES;
				GENERATE_INFOPLIST_FILE = YES;
				INFOPLIST_KEY_UIApplicationSceneManifest_Generation = YES;
				INFOPLIST_KEY_UIApplicationSupportsIndirectInputEvents = YES;
				INFOPLIST_KEY_UILaunchScreen_Generation = YES;
				INFOPLIST_KEY_UISupportedInterfaceOrientations = UIInterfaceOrientationPortrait;
				INFOPLIST_KEY_UISupportedInterfaceOrientations_iPad = "UIInterfaceOrientationPortrait UIInterfaceOrientationPortraitUpsideDown UIInterfaceOrientationLandscapeLeft UIInterfaceOrientationLandscapeRight";
				INFOPLIST_KEY_UISupportedInterfaceOrientations_iPhone = "UIInterfaceOrientationPortrait UIInterfaceOrientationLandscapeLeft UIInterfaceOrientationLandscapeRight";
				IPHONEOS_DEPLOYMENT_TARGET = 15.0;
				LD_RUNPATH_SEARCH_PATHS = (
					"$(inherited)",
					"@executable_path/Frameworks",
				);
				MARKETING_VERSION = 1.0;
				PRODUCT_BUNDLE_IDENTIFIER = Reapmind.ChartApp;
				PRODUCT_NAME = "$(TARGET_NAME)";
				SWIFT_EMIT_LOC_STRINGS = YES;
				SWIFT_VERSION = 5.0;
				TARGETED_DEVICE_FAMILY = "1,2";
			};
			name = Debug;
		};
		1F2A83052C16E63300BC161A /* Release */ = {
			isa = XCBuildConfiguration;
			buildSettings = {
				ASSETCATALOG_COMPILER_APPICON_NAME = AppIcon;
				ASSETCATALOG_COMPILER_GLOBAL_ACCENT_COLOR_NAME = AccentColor;
				CODE_SIGN_STYLE = Automatic;
				CURRENT_PROJECT_VERSION = 1;
				DEVELOPMENT_ASSET_PATHS = "\"ChartApp/Preview Content\"";
				DEVELOPMENT_TEAM = RYNS47QW35;
				ENABLE_PREVIEWS = YES;
				GENERATE_INFOPLIST_FILE = YES;
				INFOPLIST_KEY_UIApplicationSceneManifest_Generation = YES;
				INFOPLIST_KEY_UIApplicationSupportsIndirectInputEvents = YES;
				INFOPLIST_KEY_UILaunchScreen_Generation = YES;
				INFOPLIST_KEY_UISupportedInterfaceOrientations = UIInterfaceOrientationPortrait;
				INFOPLIST_KEY_UISupportedInterfaceOrientations_iPad = "UIInterfaceOrientationPortrait UIInterfaceOrientationPortraitUpsideDown UIInterfaceOrientationLandscapeLeft UIInterfaceOrientationLandscapeRight";
				INFOPLIST_KEY_UISupportedInterfaceOrientations_iPhone = "UIInterfaceOrientationPortrait UIInterfaceOrientationLandscapeLeft UIInterfaceOrientationLandscapeRight";
				IPHONEOS_DEPLOYMENT_TARGET = 15.0;
				LD_RUNPATH_SEARCH_PATHS = (
					"$(inherited)",
					"@executable_path/Frameworks",
				);
				MARKETING_VERSION = 1.0;
				PRODUCT_BUNDLE_IDENTIFIER = Reapmind.ChartApp;
				PRODUCT_NAME = "$(TARGET_NAME)";
				SWIFT_EMIT_LOC_STRINGS = YES;
				SWIFT_VERSION = 5.0;
				TARGETED_DEVICE_FAMILY = "1,2";
			};
			name = Release;
		};
/* End XCBuildConfiguration section */

/* Begin XCConfigurationList section */
		1F2A82F02C16E63000BC161A /* Build configuration list for PBXProject "ChartApp" */ = {
			isa = XCConfigurationList;
			buildConfigurations = (
				1F2A83012C16E63300BC161A /* Debug */,
				1F2A83022C16E63300BC161A /* Release */,
			);
			defaultConfigurationIsVisible = 0;
			defaultConfigurationName = Release;
		};
		1F2A83032C16E63300BC161A /* Build configuration list for PBXNativeTarget "ChartApp" */ = {
			isa = XCConfigurationList;
			buildConfigurations = (
				1F2A83042C16E63300BC161A /* Debug */,
				1F2A83052C16E63300BC161A /* Release */,
			);
			defaultConfigurationIsVisible = 0;
			defaultConfigurationName = Release;
		};
/* End XCConfigurationList section */

/* Begin XCRemoteSwiftPackageReference section */
		1F5F757A2C1701C6004B05AF /* XCRemoteSwiftPackageReference "Charts" */ = {
			isa = XCRemoteSwiftPackageReference;
			repositoryURL = "https://github.com/danielgindi/Charts";
			requirement = {
				kind = upToNextMajorVersion;
				minimumVersion = 4.0.0;
			};
		};
/* End XCRemoteSwiftPackageReference section */

/* Begin XCSwiftPackageProductDependency section */
		1F5F757B2C1701C6004B05AF /* Charts */ = {
			isa = XCSwiftPackageProductDependency;
			package = 1F5F757A2C1701C6004B05AF /* XCRemoteSwiftPackageReference "Charts" */;
			productName = Charts;
		};
/* End XCSwiftPackageProductDependency section */
	};
	rootObject = 1F2A82ED2C16E63000BC161A /* Project object */;
}
